
Microsoft Visual Studio Solution File, Format Version 12.00
# Visual Studio Version 16
VisualStudioVersion = 16.0.30907.101
MinimumVisualStudioVersion = 10.0.40219.1
Project("{9A19103F-16F7-4668-BE54-9A1E7A4F7556}") = "Metotlar", "Metotlar\Metotlar.csproj", "{5E77DD82-D322-475C-B076-D5F63CECFF58}"
EndProject
Project("{9A19103F-16F7-4668-BE54-9A1E7A4F7556}") = "Matematik", "Matematik\Matematik.csproj", "{D32E3714-DE1F-4964-B974-07FB733001A3}"
EndProject
Project("{9A19103F-16F7-4668-BE54-9A1E7A4F7556}") = "DegerVeReferansTipler", "DegerVeReferansTipler\DegerVeReferansTipler.csproj", "{7EA3DCF9-5A7E-41B1-B4A0-21BEE0853A51}"
EndProject
Project("{9A19103F-16F7-4668-BE54-9A1E7A4F7556}") = "OOP1", "OOP1\OOP1.csproj", "{5D265099-B187-4C68-B929-92279860FCBF}"
EndProject
Project("{9A19103F-16F7-4668-BE54-9A1E7A4F7556}") = "Collections", "Collections\Collections.csproj", "{316B2408-42BC-4314-8B93-CB69D2D508AA}"
EndProject
Project("{9A19103F-16F7-4668-BE54-9A1E7A4F7556}") = "GenericsIntro", "GenericsIntro\GenericsIntro.csproj", "{DE9A3A95-AE69-4E6A-8F41-99C390489317}"
EndProject
Project("{FAE04EC0-301F-11D3-BF4B-00C04F79EFBC}") = "OOP2", "OOP2\OOP2.csproj", "{C9CB7B50-0603-447B-AB90-FE6F40097BDA}"
EndProject
Project("{FAE04EC0-301F-11D3-BF4B-00C04F79EFBC}") = "OOP3", "OOP3\OOP3.csproj", "{BA3653DA-F971-4DA9-AD00-6F6CB22BFBBB}"
EndProject
Global
	GlobalSection(SolutionConfigurationPlatforms) = preSolution
		Debug|Any CPU = Debug|Any CPU
		Release|Any CPU = Release|Any CPU
	EndGlobalSection
	GlobalSection(ProjectConfigurationPlatforms) = postSolution
		{5E77DD82-D322-475C-B076-D5F63CECFF58}.Debug|Any CPU.ActiveCfg = Debug|Any CPU
		{5E77DD82-D322-475C-B076-D5F63CECFF58}.Debug|Any CPU.Build.0 = Debug|Any CPU
		{5E77DD82-D322-475C-B076-D5F63CECFF58}.Release|Any CPU.ActiveCfg = Release|Any CPU
		{5E77DD82-D322-475C-B076-D5F63CECFF58}.Release|Any CPU.Build.0 = Release|Any CPU
		{D32E3714-DE1F-4964-B974-07FB733001A3}.Debug|Any CPU.ActiveCfg = Debug|Any CPU
		{D32E3714-DE1F-4964-B974-07FB733001A3}.Debug|Any CPU.Build.0 = Debug|Any CPU
		{D32E3714-DE1F-4964-B974-07FB733001A3}.Release|Any CPU.ActiveCfg = Release|Any CPU
		{D32E3714-DE1F-4964-B974-07FB733001A3}.Release|Any CPU.Build.0 = Release|Any CPU
		{7EA3DCF9-5A7E-41B1-B4A0-21BEE0853A51}.Debug|Any CPU.ActiveCfg = Debug|Any CPU
		{7EA3DCF9-5A7E-41B1-B4A0-21BEE0853A51}.Debug|Any CPU.Build.0 = Debug|Any CPU
		{7EA3DCF9-5A7E-41B1-B4A0-21BEE0853A51}.Release|Any CPU.ActiveCfg = Release|Any CPU
		{7EA3DCF9-5A7E-41B1-B4A0-21BEE0853A51}.Release|Any CPU.Build.0 = Release|Any CPU
		{5D265099-B187-4C68-B929-92279860FCBF}.Debug|Any CPU.ActiveCfg = Debug|Any CPU
		{5D265099-B187-4C68-B929-92279860FCBF}.Debug|Any CPU.Build.0 = Debug|Any CPU
		{5D265099-B187-4C68-B929-92279860FCBF}.Release|Any CPU.ActiveCfg = Release|Any CPU
		{5D265099-B187-4C68-B929-92279860FCBF}.Release|Any CPU.Build.0 = Release|Any CPU
		{316B2408-42BC-4314-8B93-CB69D2D508AA}.Debug|Any CPU.ActiveCfg = Debug|Any CPU
		{316B2408-42BC-4314-8B93-CB69D2D508AA}.Debug|Any CPU.Build.0 = Debug|Any CPU
		{316B2408-42BC-4314-8B93-CB69D2D508AA}.Release|Any CPU.ActiveCfg = Release|Any CPU
		{316B2408-42BC-4314-8B93-CB69D2D508AA}.Release|Any CPU.Build.0 = Release|Any CPU
		{DE9A3A95-AE69-4E6A-8F41-99C390489317}.Debug|Any CPU.ActiveCfg = Debug|Any CPU
		{DE9A3A95-AE69-4E6A-8F41-99C390489317}.Debug|Any CPU.Build.0 = Debug|Any CPU
		{DE9A3A95-AE69-4E6A-8F41-99C390489317}.Release|Any CPU.ActiveCfg = Release|Any CPU
		{DE9A3A95-AE69-4E6A-8F41-99C390489317}.Release|Any CPU.Build.0 = Release|Any CPU
		{C9CB7B50-0603-447B-AB90-FE6F40097BDA}.Debug|Any CPU.ActiveCfg = Debug|Any CPU
		{C9CB7B50-0603-447B-AB90-FE6F40097BDA}.Debug|Any CPU.Build.0 = Debug|Any CPU
		{C9CB7B50-0603-447B-AB90-FE6F40097BDA}.Release|Any CPU.ActiveCfg = Release|Any CPU
		{C9CB7B50-0603-447B-AB90-FE6F40097BDA}.Release|Any CPU.Build.0 = Release|Any CPU
		{BA3653DA-F971-4DA9-AD00-6F6CB22BFBBB}.Debug|Any CPU.ActiveCfg = Debug|Any CPU
		{BA3653DA-F971-4DA9-AD00-6F6CB22BFBBB}.Debug|Any CPU.Build.0 = Debug|Any CPU
		{BA3653DA-F971-4DA9-AD00-6F6CB22BFBBB}.Release|Any CPU.ActiveCfg = Release|Any CPU
		{BA3653DA-F971-4DA9-AD00-6F6CB22BFBBB}.Release|Any CPU.Build.0 = Release|Any CPU
	EndGlobalSection
	GlobalSection(SolutionProperties) = preSolution
		HideSolutionNode = FALSE
	EndGlobalSection
	GlobalSection(ExtensibilityGlobals) = postSolution
		SolutionGuid = {8C3AF118-C6E1-46B3-B4A2-73FFD09B823B}
	EndGlobalSection
EndGlobal
